
Microsoft Visual Studio Solution File, Format Version 12.00
# Visual Studio Version 17
VisualStudioVersion = 17.9.34714.143
MinimumVisualStudioVersion = 10.0.40219.1
Project("{FAE04EC0-301F-11D3-BF4B-00C04F79EFBC}") = "ActivityTracker", "ActivityTracker\ActivityTracker.csproj", "{D7CA3091-F184-4930-A9A9-47BEF09BBDA6}"
EndProject
Global
	GlobalSection(SolutionConfigurationPlatforms) = preSolution
		Debug|Any CPU = Debug|Any CPU
		Release|Any CPU = Release|Any CPU
	EndGlobalSection
	GlobalSection(ProjectConfigurationPlatforms) = postSolution
		{D7CA3091-F184-4930-A9A9-47BEF09BBDA6}.Debug|Any CPU.ActiveCfg = Debug|Any CPU
		{D7CA3091-F184-4930-A9A9-47BEF09BBDA6}.Debug|Any CPU.Build.0 = Debug|Any CPU
		{D7CA3091-F184-4930-A9A9-47BEF09BBDA6}.Release|Any CPU.ActiveCfg = Release|Any CPU
		{D7CA3091-F184-4930-A9A9-47BEF09BBDA6}.Release|Any CPU.Build.0 = Release|Any CPU
	EndGlobalSection
	GlobalSection(SolutionProperties) = preSolution
		HideSolutionNode = FALSE
	EndGlobalSection
	GlobalSection(ExtensibilityGlobals) = postSolution
		SolutionGuid = {0A6812D8-6C38-4FE4-93B8-638DA75C8193}
	EndGlobalSection
EndGlobal
